
Microsoft Visual Studio Solution File, Format Version 12.00
# Visual Studio 15
VisualStudioVersion = 15.0.27428.2037
MinimumVisualStudioVersion = 10.0.40219.1
Project("{FAE04EC0-301F-11D3-BF4B-00C04F79EFBC}") = "InvMasMiddleWare", "InvMasMiddleWare\InvMasMiddleWare.csproj", "{D13538A5-D6C9-41C7-884A-218A269DD767}"
EndProject
Global
	GlobalSection(SolutionConfigurationPlatforms) = preSolution
		Debug|Any CPU = Debug|Any CPU
		Release|Any CPU = Release|Any CPU
	EndGlobalSection
	GlobalSection(ProjectConfigurationPlatforms) = postSolution
		{D13538A5-D6C9-41C7-884A-218A269DD767}.Debug|Any CPU.ActiveCfg = Debug|Any CPU
		{D13538A5-D6C9-41C7-884A-218A269DD767}.Debug|Any CPU.Build.0 = Debug|Any CPU
		{D13538A5-D6C9-41C7-884A-218A269DD767}.Release|Any CPU.ActiveCfg = Release|Any CPU
		{D13538A5-D6C9-41C7-884A-218A269DD767}.Release|Any CPU.Build.0 = Release|Any CPU
	EndGlobalSection
	GlobalSection(SolutionProperties) = preSolution
		HideSolutionNode = FALSE
	EndGlobalSection
	GlobalSection(ExtensibilityGlobals) = postSolution
		SolutionGuid = {841AC742-D74D-472D-8AC1-850B2FD4B9EF}
	EndGlobalSection
EndGlobal
